
Microsoft Visual Studio Solution File, Format Version 12.00
# Visual Studio Version 17
VisualStudioVersion = 17.0.31611.283
MinimumVisualStudioVersion = 10.0.40219.1
Project("{9A19103F-16F7-4668-BE54-9A1E7A4F7556}") = "CAS.backend", "CAS.backend\CAS.backend.csproj", "{C92C90FF-4D2F-4FA6-87B4-33FEEDE9C3EE}"
EndProject
Project("{FAE04EC0-301F-11D3-BF4B-00C04F79EFBC}") = "CAS.mobil", "CAS.mobil\CAS.mobil.csproj", "{E13EF1C2-8D2B-4CBD-80FC-40FDE72C43F1}"
EndProject
Project("{FAE04EC0-301F-11D3-BF4B-00C04F79EFBC}") = "CAS.desktop", "CAS.desktop\CAS.desktop.csproj", "{7B74CB66-0B71-4556-8FC1-52611C188DF4}"
EndProject
Global
	GlobalSection(SolutionConfigurationPlatforms) = preSolution
		Debug|Any CPU = Debug|Any CPU
		Release|Any CPU = Release|Any CPU
	EndGlobalSection
	GlobalSection(ProjectConfigurationPlatforms) = postSolution
		{C92C90FF-4D2F-4FA6-87B4-33FEEDE9C3EE}.Debug|Any CPU.ActiveCfg = Debug|Any CPU
		{C92C90FF-4D2F-4FA6-87B4-33FEEDE9C3EE}.Debug|Any CPU.Build.0 = Debug|Any CPU
		{C92C90FF-4D2F-4FA6-87B4-33FEEDE9C3EE}.Release|Any CPU.ActiveCfg = Release|Any CPU
		{C92C90FF-4D2F-4FA6-87B4-33FEEDE9C3EE}.Release|Any CPU.Build.0 = Release|Any CPU
		{E13EF1C2-8D2B-4CBD-80FC-40FDE72C43F1}.Debug|Any CPU.ActiveCfg = Debug|Any CPU
		{E13EF1C2-8D2B-4CBD-80FC-40FDE72C43F1}.Debug|Any CPU.Build.0 = Debug|Any CPU
		{E13EF1C2-8D2B-4CBD-80FC-40FDE72C43F1}.Release|Any CPU.ActiveCfg = Release|Any CPU
		{E13EF1C2-8D2B-4CBD-80FC-40FDE72C43F1}.Release|Any CPU.Build.0 = Release|Any CPU
		{7B74CB66-0B71-4556-8FC1-52611C188DF4}.Debug|Any CPU.ActiveCfg = Debug|Any CPU
		{7B74CB66-0B71-4556-8FC1-52611C188DF4}.Debug|Any CPU.Build.0 = Debug|Any CPU
		{7B74CB66-0B71-4556-8FC1-52611C188DF4}.Release|Any CPU.ActiveCfg = Release|Any CPU
		{7B74CB66-0B71-4556-8FC1-52611C188DF4}.Release|Any CPU.Build.0 = Release|Any CPU
	EndGlobalSection
	GlobalSection(SolutionProperties) = preSolution
		HideSolutionNode = FALSE
	EndGlobalSection
	GlobalSection(ExtensibilityGlobals) = postSolution
		SolutionGuid = {61F7FB11-1E47-470C-91E2-47F8143E1572}
	EndGlobalSection
EndGlobal
